// !$*UTF8*$!
{
	archiveVersion = 1;
	classes = {
	};
	objectVersion = 50;
	objects = {

/* Begin PBXBuildFile section */
		30BB6CD22312658200D25667 /* AppDelegate.swift in Sources */ = {isa = PBXBuildFile; fileRef = 30BB6CD12312658200D25667 /* AppDelegate.swift */; };
		30BB6CD92312658400D25667 /* Assets.xcassets in Resources */ = {isa = PBXBuildFile; fileRef = 30BB6CD82312658400D25667 /* Assets.xcassets */; };
		30BB6CDC2312658400D25667 /* LaunchScreen.storyboard in Resources */ = {isa = PBXBuildFile; fileRef = 30BB6CDA2312658400D25667 /* LaunchScreen.storyboard */; };
		30BB6CE72312685400D25667 /* SplashVC.swift in Sources */ = {isa = PBXBuildFile; fileRef = 30BB6CE52312685400D25667 /* SplashVC.swift */; };
		30BB6CE82312685400D25667 /* SplashVC.xib in Resources */ = {isa = PBXBuildFile; fileRef = 30BB6CE62312685400D25667 /* SplashVC.xib */; };
		30BB6CEB231268EC00D25667 /* BLTabBarController.swift in Sources */ = {isa = PBXBuildFile; fileRef = 30BB6CEA231268EC00D25667 /* BLTabBarController.swift */; };
		30BB6CED2312690A00D25667 /* BLNavigationController.swift in Sources */ = {isa = PBXBuildFile; fileRef = 30BB6CEC2312690A00D25667 /* BLNavigationController.swift */; };
		30BB6CF42312698D00D25667 /* UserDTO.swift in Sources */ = {isa = PBXBuildFile; fileRef = 30BB6CF32312698D00D25667 /* UserDTO.swift */; };
		30BB6CF823126AFA00D25667 /* ListStoreVC.swift in Sources */ = {isa = PBXBuildFile; fileRef = 30BB6CF623126AFA00D25667 /* ListStoreVC.swift */; };
		30BB6CF923126AFA00D25667 /* ListStoreVC.xib in Resources */ = {isa = PBXBuildFile; fileRef = 30BB6CF723126AFA00D25667 /* ListStoreVC.xib */; };
		30BB6D0023126B6700D25667 /* SearchVC.swift in Sources */ = {isa = PBXBuildFile; fileRef = 30BB6CFE23126B6700D25667 /* SearchVC.swift */; };
		30BB6D0123126B6700D25667 /* SearchVC.xib in Resources */ = {isa = PBXBuildFile; fileRef = 30BB6CFF23126B6700D25667 /* SearchVC.xib */; };
		30BB6D0423126B8600D25667 /* CartVC.swift in Sources */ = {isa = PBXBuildFile; fileRef = 30BB6D0223126B8600D25667 /* CartVC.swift */; };
		30BB6D0523126B8600D25667 /* CartVC.xib in Resources */ = {isa = PBXBuildFile; fileRef = 30BB6D0323126B8600D25667 /* CartVC.xib */; };
		30BB6D0823126B9400D25667 /* AccountVC.swift in Sources */ = {isa = PBXBuildFile; fileRef = 30BB6D0623126B9400D25667 /* AccountVC.swift */; };
		30BB6D0923126B9400D25667 /* AccountVC.xib in Resources */ = {isa = PBXBuildFile; fileRef = 30BB6D0723126B9400D25667 /* AccountVC.xib */; };
		30BB6D0C23126BA100D25667 /* NotificationVC.swift in Sources */ = {isa = PBXBuildFile; fileRef = 30BB6D0A23126BA100D25667 /* NotificationVC.swift */; };
		30BB6D0D23126BA100D25667 /* NotificationVC.xib in Resources */ = {isa = PBXBuildFile; fileRef = 30BB6D0B23126BA100D25667 /* NotificationVC.xib */; };
		30BB6D0F23126BCC00D25667 /* Utils.swift in Sources */ = {isa = PBXBuildFile; fileRef = 30BB6D0E23126BCC00D25667 /* Utils.swift */; };
		30BB6D1123126BE500D25667 /* Constants.swift in Sources */ = {isa = PBXBuildFile; fileRef = 30BB6D1023126BE500D25667 /* Constants.swift */; };
		30BB6D1323126C1600D25667 /* CallAPIs.swift in Sources */ = {isa = PBXBuildFile; fileRef = 30BB6D1223126C1600D25667 /* CallAPIs.swift */; };
		30BB6D1523126C2200D25667 /* BLGlobal.swift in Sources */ = {isa = PBXBuildFile; fileRef = 30BB6D1423126C2200D25667 /* BLGlobal.swift */; };
		30BB6D1E23126C9300D25667 /* RaisePlaceholder.swift in Sources */ = {isa = PBXBuildFile; fileRef = 30BB6D1823126C9300D25667 /* RaisePlaceholder.swift */; };
		30BB6D1F23126C9300D25667 /* SwiftHEXColors.swift in Sources */ = {isa = PBXBuildFile; fileRef = 30BB6D1923126C9300D25667 /* SwiftHEXColors.swift */; };
		30BB6D2023126C9300D25667 /* UIButton+Badge.m in Sources */ = {isa = PBXBuildFile; fileRef = 30BB6D1A23126C9300D25667 /* UIButton+Badge.m */; };
		30BB6D2123126C9300D25667 /* EZRatingView.m in Sources */ = {isa = PBXBuildFile; fileRef = 30BB6D1C23126C9300D25667 /* EZRatingView.m */; };
		D54E1AC537D86EED1FFCB943 /* Pods_BLShopping.framework in Frameworks */ = {isa = PBXBuildFile; fileRef = 2F8E6B4EDF68F222745D58C1 /* Pods_BLShopping.framework */; };
/* End PBXBuildFile section */

/* Begin PBXFileReference section */
		2F8E6B4EDF68F222745D58C1 /* Pods_BLShopping.framework */ = {isa = PBXFileReference; explicitFileType = wrapper.framework; includeInIndex = 0; path = Pods_BLShopping.framework; sourceTree = BUILT_PRODUCTS_DIR; };
		30BB6CCE2312658200D25667 /* BLShopping.app */ = {isa = PBXFileReference; explicitFileType = wrapper.application; includeInIndex = 0; path = BLShopping.app; sourceTree = BUILT_PRODUCTS_DIR; };
		30BB6CD12312658200D25667 /* AppDelegate.swift */ = {isa = PBXFileReference; lastKnownFileType = sourcecode.swift; path = AppDelegate.swift; sourceTree = "<group>"; };
		30BB6CD82312658400D25667 /* Assets.xcassets */ = {isa = PBXFileReference; lastKnownFileType = folder.assetcatalog; path = Assets.xcassets; sourceTree = "<group>"; };
		30BB6CDB2312658400D25667 /* Base */ = {isa = PBXFileReference; lastKnownFileType = file.storyboard; name = Base; path = Base.lproj/LaunchScreen.storyboard; sourceTree = "<group>"; };
		30BB6CDD2312658400D25667 /* Info.plist */ = {isa = PBXFileReference; lastKnownFileType = text.plist.xml; path = Info.plist; sourceTree = "<group>"; };
		30BB6CE52312685400D25667 /* SplashVC.swift */ = {isa = PBXFileReference; lastKnownFileType = sourcecode.swift; path = SplashVC.swift; sourceTree = "<group>"; };
		30BB6CE62312685400D25667 /* SplashVC.xib */ = {isa = PBXFileReference; lastKnownFileType = file.xib; path = SplashVC.xib; sourceTree = "<group>"; };
		30BB6CEA231268EC00D25667 /* BLTabBarController.swift */ = {isa = PBXFileReference; lastKnownFileType = sourcecode.swift; path = BLTabBarController.swift; sourceTree = "<group>"; };
		30BB6CEC2312690A00D25667 /* BLNavigationController.swift */ = {isa = PBXFileReference; lastKnownFileType = sourcecode.swift; path = BLNavigationController.swift; sourceTree = "<group>"; };
		30BB6CF32312698D00D25667 /* UserDTO.swift */ = {isa = PBXFileReference; lastKnownFileType = sourcecode.swift; path = UserDTO.swift; sourceTree = "<group>"; };
		30BB6CF623126AFA00D25667 /* ListStoreVC.swift */ = {isa = PBXFileReference; lastKnownFileType = sourcecode.swift; path = ListStoreVC.swift; sourceTree = "<group>"; };
		30BB6CF723126AFA00D25667 /* ListStoreVC.xib */ = {isa = PBXFileReference; lastKnownFileType = file.xib; path = ListStoreVC.xib; sourceTree = "<group>"; };
		30BB6CFE23126B6700D25667 /* SearchVC.swift */ = {isa = PBXFileReference; lastKnownFileType = sourcecode.swift; path = SearchVC.swift; sourceTree = "<group>"; };
		30BB6CFF23126B6700D25667 /* SearchVC.xib */ = {isa = PBXFileReference; lastKnownFileType = file.xib; path = SearchVC.xib; sourceTree = "<group>"; };
		30BB6D0223126B8600D25667 /* CartVC.swift */ = {isa = PBXFileReference; lastKnownFileType = sourcecode.swift; path = CartVC.swift; sourceTree = "<group>"; };
		30BB6D0323126B8600D25667 /* CartVC.xib */ = {isa = PBXFileReference; lastKnownFileType = file.xib; path = CartVC.xib; sourceTree = "<group>"; };
		30BB6D0623126B9400D25667 /* AccountVC.swift */ = {isa = PBXFileReference; lastKnownFileType = sourcecode.swift; path = AccountVC.swift; sourceTree = "<group>"; };
		30BB6D0723126B9400D25667 /* AccountVC.xib */ = {isa = PBXFileReference; lastKnownFileType = file.xib; path = AccountVC.xib; sourceTree = "<group>"; };
		30BB6D0A23126BA100D25667 /* NotificationVC.swift */ = {isa = PBXFileReference; lastKnownFileType = sourcecode.swift; path = NotificationVC.swift; sourceTree = "<group>"; };
		30BB6D0B23126BA100D25667 /* NotificationVC.xib */ = {isa = PBXFileReference; lastKnownFileType = file.xib; path = NotificationVC.xib; sourceTree = "<group>"; };
		30BB6D0E23126BCC00D25667 /* Utils.swift */ = {isa = PBXFileReference; lastKnownFileType = sourcecode.swift; path = Utils.swift; sourceTree = "<group>"; };
		30BB6D1023126BE500D25667 /* Constants.swift */ = {isa = PBXFileReference; lastKnownFileType = sourcecode.swift; path = Constants.swift; sourceTree = "<group>"; };
		30BB6D1223126C1600D25667 /* CallAPIs.swift */ = {isa = PBXFileReference; lastKnownFileType = sourcecode.swift; path = CallAPIs.swift; sourceTree = "<group>"; };
		30BB6D1423126C2200D25667 /* BLGlobal.swift */ = {isa = PBXFileReference; lastKnownFileType = sourcecode.swift; path = BLGlobal.swift; sourceTree = "<group>"; };
		30BB6D1623126C9200D25667 /* BLShopping-Bridging-Header.h */ = {isa = PBXFileReference; lastKnownFileType = sourcecode.c.h; path = "BLShopping-Bridging-Header.h"; sourceTree = "<group>"; };
		30BB6D1723126C9300D25667 /* UIButton+Badge.h */ = {isa = PBXFileReference; fileEncoding = 4; lastKnownFileType = sourcecode.c.h; path = "UIButton+Badge.h"; sourceTree = "<group>"; };
		30BB6D1823126C9300D25667 /* RaisePlaceholder.swift */ = {isa = PBXFileReference; fileEncoding = 4; lastKnownFileType = sourcecode.swift; path = RaisePlaceholder.swift; sourceTree = "<group>"; };
		30BB6D1923126C9300D25667 /* SwiftHEXColors.swift */ = {isa = PBXFileReference; fileEncoding = 4; lastKnownFileType = sourcecode.swift; path = SwiftHEXColors.swift; sourceTree = "<group>"; };
		30BB6D1A23126C9300D25667 /* UIButton+Badge.m */ = {isa = PBXFileReference; fileEncoding = 4; lastKnownFileType = sourcecode.c.objc; path = "UIButton+Badge.m"; sourceTree = "<group>"; };
		30BB6D1C23126C9300D25667 /* EZRatingView.m */ = {isa = PBXFileReference; fileEncoding = 4; lastKnownFileType = sourcecode.c.objc; path = EZRatingView.m; sourceTree = "<group>"; };
		30BB6D1D23126C9300D25667 /* EZRatingView.h */ = {isa = PBXFileReference; fileEncoding = 4; lastKnownFileType = sourcecode.c.h; path = EZRatingView.h; sourceTree = "<group>"; };
		32745E673456E7EA617BF868 /* Pods-BLShopping.debug.xcconfig */ = {isa = PBXFileReference; includeInIndex = 1; lastKnownFileType = text.xcconfig; name = "Pods-BLShopping.debug.xcconfig"; path = "Pods/Target Support Files/Pods-BLShopping/Pods-BLShopping.debug.xcconfig"; sourceTree = "<group>"; };
		4B80D749A480EE8077C41772 /* Pods-BLShopping.release.xcconfig */ = {isa = PBXFileReference; includeInIndex = 1; lastKnownFileType = text.xcconfig; name = "Pods-BLShopping.release.xcconfig"; path = "Pods/Target Support Files/Pods-BLShopping/Pods-BLShopping.release.xcconfig"; sourceTree = "<group>"; };
/* End PBXFileReference section */

/* Begin PBXFrameworksBuildPhase section */
		30BB6CCB2312658200D25667 /* Frameworks */ = {
			isa = PBXFrameworksBuildPhase;
			buildActionMask = 2147483647;
			files = (
				D54E1AC537D86EED1FFCB943 /* Pods_BLShopping.framework in Frameworks */,
			);
			runOnlyForDeploymentPostprocessing = 0;
		};
/* End PBXFrameworksBuildPhase section */

/* Begin PBXGroup section */
		30BB6CC52312658200D25667 = {
			isa = PBXGroup;
			children = (
				30BB6CD02312658200D25667 /* BLShopping */,
				30BB6CCF2312658200D25667 /* Products */,
				6FC7CA06164CAD5A3AD8FA1C /* Pods */,
				F29F371DDCFC2716489B42AF /* Frameworks */,
			);
			sourceTree = "<group>";
		};
		30BB6CCF2312658200D25667 /* Products */ = {
			isa = PBXGroup;
			children = (
				30BB6CCE2312658200D25667 /* BLShopping.app */,
			);
			name = Products;
			sourceTree = "<group>";
		};
		30BB6CD02312658200D25667 /* BLShopping */ = {
			isa = PBXGroup;
			children = (
				30BB6CF12312694C00D25667 /* ThirdPartyLibaries */,
				30BB6CEE2312692200D25667 /* Utils */,
				30BB6CF02312693F00D25667 /* DataModels */,
				30BB6CF22312695D00D25667 /* CustomViews */,
				30BB6CE32312682D00D25667 /* ViewControllers */,
				30BB6CD12312658200D25667 /* AppDelegate.swift */,
				30BB6CD82312658400D25667 /* Assets.xcassets */,
				30BB6CDA2312658400D25667 /* LaunchScreen.storyboard */,
				30BB6CDD2312658400D25667 /* Info.plist */,
			);
			path = BLShopping;
			sourceTree = "<group>";
		};
		30BB6CE32312682D00D25667 /* ViewControllers */ = {
			isa = PBXGroup;
			children = (
				30BB6CE9231268CC00D25667 /* Tabbar */,
				30BB6CE42312683A00D25667 /* SplashVC */,
				30BB6CF523126A2E00D25667 /* ListStoreVC */,
				30BB6CFA23126B1C00D25667 /* SearchVC */,
				30BB6CFB23126B2600D25667 /* CartVC */,
				30BB6CFC23126B3000D25667 /* AccountVC */,
				30BB6CFD23126B3A00D25667 /* NotificationVC */,
			);
			path = ViewControllers;
			sourceTree = "<group>";
		};
		30BB6CE42312683A00D25667 /* SplashVC */ = {
			isa = PBXGroup;
			children = (
				30BB6CE52312685400D25667 /* SplashVC.swift */,
				30BB6CE62312685400D25667 /* SplashVC.xib */,
			);
			path = SplashVC;
			sourceTree = "<group>";
		};
		30BB6CE9231268CC00D25667 /* Tabbar */ = {
			isa = PBXGroup;
			children = (
				30BB6CEA231268EC00D25667 /* BLTabBarController.swift */,
				30BB6CEC2312690A00D25667 /* BLNavigationController.swift */,
			);
			path = Tabbar;
			sourceTree = "<group>";
		};
		30BB6CEE2312692200D25667 /* Utils */ = {
			isa = PBXGroup;
			children = (
				30BB6D0E23126BCC00D25667 /* Utils.swift */,
				30BB6D1023126BE500D25667 /* Constants.swift */,
				30BB6D1223126C1600D25667 /* CallAPIs.swift */,
				30BB6D1423126C2200D25667 /* BLGlobal.swift */,
			);
			path = Utils;
			sourceTree = "<group>";
		};
		30BB6CF02312693F00D25667 /* DataModels */ = {
			isa = PBXGroup;
			children = (
				30BB6CF32312698D00D25667 /* UserDTO.swift */,
			);
			path = DataModels;
			sourceTree = "<group>";
		};
		30BB6CF12312694C00D25667 /* ThirdPartyLibaries */ = {
			isa = PBXGroup;
			children = (
				30BB6D1B23126C9300D25667 /* EZRatingView */,
				30BB6D1823126C9300D25667 /* RaisePlaceholder.swift */,
				30BB6D1923126C9300D25667 /* SwiftHEXColors.swift */,
				30BB6D1723126C9300D25667 /* UIButton+Badge.h */,
				30BB6D1A23126C9300D25667 /* UIButton+Badge.m */,
				30BB6D1623126C9200D25667 /* BLShopping-Bridging-Header.h */,
			);
			path = ThirdPartyLibaries;
			sourceTree = "<group>";
		};
		30BB6CF22312695D00D25667 /* CustomViews */ = {
			isa = PBXGroup;
			children = (
			);
			path = CustomViews;
			sourceTree = "<group>";
		};
		30BB6CF523126A2E00D25667 /* ListStoreVC */ = {
			isa = PBXGroup;
			children = (
				30BB6CF623126AFA00D25667 /* ListStoreVC.swift */,
				30BB6CF723126AFA00D25667 /* ListStoreVC.xib */,
			);
			path = ListStoreVC;
			sourceTree = "<group>";
		};
		30BB6CFA23126B1C00D25667 /* SearchVC */ = {
			isa = PBXGroup;
			children = (
				30BB6CFE23126B6700D25667 /* SearchVC.swift */,
				30BB6CFF23126B6700D25667 /* SearchVC.xib */,
			);
			path = SearchVC;
			sourceTree = "<group>";
		};
		30BB6CFB23126B2600D25667 /* CartVC */ = {
			isa = PBXGroup;
			children = (
				30BB6D0223126B8600D25667 /* CartVC.swift */,
				30BB6D0323126B8600D25667 /* CartVC.xib */,
			);
			path = CartVC;
			sourceTree = "<group>";
		};
		30BB6CFC23126B3000D25667 /* AccountVC */ = {
			isa = PBXGroup;
			children = (
				30BB6D0623126B9400D25667 /* AccountVC.swift */,
				30BB6D0723126B9400D25667 /* AccountVC.xib */,
			);
			path = AccountVC;
			sourceTree = "<group>";
		};
		30BB6CFD23126B3A00D25667 /* NotificationVC */ = {
			isa = PBXGroup;
			children = (
				30BB6D0A23126BA100D25667 /* NotificationVC.swift */,
				30BB6D0B23126BA100D25667 /* NotificationVC.xib */,
			);
			path = NotificationVC;
			sourceTree = "<group>";
		};
		30BB6D1B23126C9300D25667 /* EZRatingView */ = {
			isa = PBXGroup;
			children = (
				30BB6D1C23126C9300D25667 /* EZRatingView.m */,
				30BB6D1D23126C9300D25667 /* EZRatingView.h */,
			);
			path = EZRatingView;
			sourceTree = "<group>";
		};
		6FC7CA06164CAD5A3AD8FA1C /* Pods */ = {
			isa = PBXGroup;
			children = (
				32745E673456E7EA617BF868 /* Pods-BLShopping.debug.xcconfig */,
				4B80D749A480EE8077C41772 /* Pods-BLShopping.release.xcconfig */,
			);
			name = Pods;
			sourceTree = "<group>";
		};
		F29F371DDCFC2716489B42AF /* Frameworks */ = {
			isa = PBXGroup;
			children = (
				2F8E6B4EDF68F222745D58C1 /* Pods_BLShopping.framework */,
			);
			name = Frameworks;
			sourceTree = "<group>";
		};
/* End PBXGroup section */

/* Begin PBXNativeTarget section */
		30BB6CCD2312658200D25667 /* BLShopping */ = {
			isa = PBXNativeTarget;
			buildConfigurationList = 30BB6CE02312658400D25667 /* Build configuration list for PBXNativeTarget "BLShopping" */;
			buildPhases = (
				6398F2CCCF6A41968AD9948B /* [CP] Check Pods Manifest.lock */,
				30BB6CCA2312658200D25667 /* Sources */,
				30BB6CCB2312658200D25667 /* Frameworks */,
				30BB6CCC2312658200D25667 /* Resources */,
				49B58CC5BC5F20767C037EFD /* [CP] Embed Pods Frameworks */,
				6804B8FA6AF573935E350EC1 /* [CP] Copy Pods Resources */,
			);
			buildRules = (
			);
			dependencies = (
			);
			name = BLShopping;
			productName = BLShopping;
			productReference = 30BB6CCE2312658200D25667 /* BLShopping.app */;
			productType = "com.apple.product-type.application";
		};
/* End PBXNativeTarget section */

/* Begin PBXProject section */
		30BB6CC62312658200D25667 /* Project object */ = {
			isa = PBXProject;
			attributes = {
				LastSwiftUpdateCheck = 1020;
				LastUpgradeCheck = 1020;
				ORGANIZATIONNAME = BLShopping;
				TargetAttributes = {
					30BB6CCD2312658200D25667 = {
						CreatedOnToolsVersion = 10.2.1;
						LastSwiftMigration = 1020;
					};
				};
			};
			buildConfigurationList = 30BB6CC92312658200D25667 /* Build configuration list for PBXProject "BLShopping" */;
			compatibilityVersion = "Xcode 9.3";
			developmentRegion = en;
			hasScannedForEncodings = 0;
			knownRegions = (
				en,
				Base,
			);
			mainGroup = 30BB6CC52312658200D25667;
			productRefGroup = 30BB6CCF2312658200D25667 /* Products */;
			projectDirPath = "";
			projectRoot = "";
			targets = (
				30BB6CCD2312658200D25667 /* BLShopping */,
			);
		};
/* End PBXProject section */

/* Begin PBXResourcesBuildPhase section */
		30BB6CCC2312658200D25667 /* Resources */ = {
			isa = PBXResourcesBuildPhase;
			buildActionMask = 2147483647;
			files = (
				30BB6D0923126B9400D25667 /* AccountVC.xib in Resources */,
				30BB6D0123126B6700D25667 /* SearchVC.xib in Resources */,
				30BB6CE82312685400D25667 /* SplashVC.xib in Resources */,
				30BB6D0D23126BA100D25667 /* NotificationVC.xib in Resources */,
				30BB6CDC2312658400D25667 /* LaunchScreen.storyboard in Resources */,
				30BB6CF923126AFA00D25667 /* ListStoreVC.xib in Resources */,
				30BB6D0523126B8600D25667 /* CartVC.xib in Resources */,
				30BB6CD92312658400D25667 /* Assets.xcassets in Resources */,
			);
			runOnlyForDeploymentPostprocessing = 0;
		};
/* End PBXResourcesBuildPhase section */

/* Begin PBXShellScriptBuildPhase section */
		49B58CC5BC5F20767C037EFD /* [CP] Embed Pods Frameworks */ = {
			isa = PBXShellScriptBuildPhase;
			buildActionMask = 2147483647;
			files = (
			);
			inputPaths = (
				"${SRCROOT}/Pods/Target Support Files/Pods-BLShopping/Pods-BLShopping-frameworks.sh",
				"${BUILT_PRODUCTS_DIR}/AFNetworking/AFNetworking.framework",
				"${BUILT_PRODUCTS_DIR}/Bolts/Bolts.framework",
				"${BUILT_PRODUCTS_DIR}/CCBottomRefreshControl/CCBottomRefreshControl.framework",
				"${BUILT_PRODUCTS_DIR}/DLRadioButton/DLRadioButton.framework",
				"${BUILT_PRODUCTS_DIR}/FBSDKCoreKit/FBSDKCoreKit.framework",
				"${BUILT_PRODUCTS_DIR}/FBSDKLoginKit/FBSDKLoginKit.framework",
				"${BUILT_PRODUCTS_DIR}/FBSDKShareKit/FBSDKShareKit.framework",
				"${BUILT_PRODUCTS_DIR}/FMDB/FMDB.framework",
				"${BUILT_PRODUCTS_DIR}/GTMSessionFetcher/GTMSessionFetcher.framework",
				"${BUILT_PRODUCTS_DIR}/GoogleToolboxForMac/GoogleToolboxForMac.framework",
				"${BUILT_PRODUCTS_DIR}/HMSegmentedControl/HMSegmentedControl.framework",
				"${BUILT_PRODUCTS_DIR}/MBProgressHUD/MBProgressHUD.framework",
				"${BUILT_PRODUCTS_DIR}/MXPagerView/MXPagerView.framework",
				"${BUILT_PRODUCTS_DIR}/MXParallaxHeader/MXParallaxHeader.framework",
				"${BUILT_PRODUCTS_DIR}/MXSegmentedPager/MXSegmentedPager.framework",
				"${BUILT_PRODUCTS_DIR}/Protobuf/Protobuf.framework",
				"${BUILT_PRODUCTS_DIR}/SDWebImage/SDWebImage.framework",
				"${BUILT_PRODUCTS_DIR}/SwiftyJSON/SwiftyJSON.framework",
			);
			name = "[CP] Embed Pods Frameworks";
			outputPaths = (
				"${TARGET_BUILD_DIR}/${FRAMEWORKS_FOLDER_PATH}/AFNetworking.framework",
				"${TARGET_BUILD_DIR}/${FRAMEWORKS_FOLDER_PATH}/Bolts.framework",
				"${TARGET_BUILD_DIR}/${FRAMEWORKS_FOLDER_PATH}/CCBottomRefreshControl.framework",
				"${TARGET_BUILD_DIR}/${FRAMEWORKS_FOLDER_PATH}/DLRadioButton.framework",
				"${TARGET_BUILD_DIR}/${FRAMEWORKS_FOLDER_PATH}/FBSDKCoreKit.framework",
				"${TARGET_BUILD_DIR}/${FRAMEWORKS_FOLDER_PATH}/FBSDKLoginKit.framework",
				"${TARGET_BUILD_DIR}/${FRAMEWORKS_FOLDER_PATH}/FBSDKShareKit.framework",
				"${TARGET_BUILD_DIR}/${FRAMEWORKS_FOLDER_PATH}/FMDB.framework",
				"${TARGET_BUILD_DIR}/${FRAMEWORKS_FOLDER_PATH}/GTMSessionFetcher.framework",
				"${TARGET_BUILD_DIR}/${FRAMEWORKS_FOLDER_PATH}/GoogleToolboxForMac.framework",
				"${TARGET_BUILD_DIR}/${FRAMEWORKS_FOLDER_PATH}/HMSegmentedControl.framework",
				"${TARGET_BUILD_DIR}/${FRAMEWORKS_FOLDER_PATH}/MBProgressHUD.framework",
				"${TARGET_BUILD_DIR}/${FRAMEWORKS_FOLDER_PATH}/MXPagerView.framework",
				"${TARGET_BUILD_DIR}/${FRAMEWORKS_FOLDER_PATH}/MXParallaxHeader.framework",
				"${TARGET_BUILD_DIR}/${FRAMEWORKS_FOLDER_PATH}/MXSegmentedPager.framework",
				"${TARGET_BUILD_DIR}/${FRAMEWORKS_FOLDER_PATH}/Protobuf.framework",
				"${TARGET_BUILD_DIR}/${FRAMEWORKS_FOLDER_PATH}/SDWebImage.framework",
				"${TARGET_BUILD_DIR}/${FRAMEWORKS_FOLDER_PATH}/SwiftyJSON.framework",
			);
			runOnlyForDeploymentPostprocessing = 0;
			shellPath = /bin/sh;
			shellScript = "\"${SRCROOT}/Pods/Target Support Files/Pods-BLShopping/Pods-BLShopping-frameworks.sh\"\n";
			showEnvVarsInLog = 0;
		};
		6398F2CCCF6A41968AD9948B /* [CP] Check Pods Manifest.lock */ = {
			isa = PBXShellScriptBuildPhase;
			buildActionMask = 2147483647;
			files = (
			);
			inputPaths = (
				"${PODS_PODFILE_DIR_PATH}/Podfile.lock",
				"${PODS_ROOT}/Manifest.lock",
			);
			name = "[CP] Check Pods Manifest.lock";
			outputPaths = (
				"$(DERIVED_FILE_DIR)/Pods-BLShopping-checkManifestLockResult.txt",
			);
			runOnlyForDeploymentPostprocessing = 0;
			shellPath = /bin/sh;
			shellScript = "diff \"${PODS_PODFILE_DIR_PATH}/Podfile.lock\" \"${PODS_ROOT}/Manifest.lock\" > /dev/null\nif [ $? != 0 ] ; then\n    # print error to STDERR\n    echo \"error: The sandbox is not in sync with the Podfile.lock. Run 'pod install' or update your CocoaPods installation.\" >&2\n    exit 1\nfi\n# This output is used by Xcode 'outputs' to avoid re-running this script phase.\necho \"SUCCESS\" > \"${SCRIPT_OUTPUT_FILE_0}\"\n";
			showEnvVarsInLog = 0;
		};
		6804B8FA6AF573935E350EC1 /* [CP] Copy Pods Resources */ = {
			isa = PBXShellScriptBuildPhase;
			buildActionMask = 2147483647;
			files = (
			);
			inputPaths = (
				"${SRCROOT}/Pods/Target Support Files/Pods-BLShopping/Pods-BLShopping-resources.sh",
				"${PODS_ROOT}/GoogleSignIn/Resources/GoogleSignIn.bundle",
			);
			name = "[CP] Copy Pods Resources";
			outputPaths = (
				"${TARGET_BUILD_DIR}/${UNLOCALIZED_RESOURCES_FOLDER_PATH}/GoogleSignIn.bundle",
			);
			runOnlyForDeploymentPostprocessing = 0;
			shellPath = /bin/sh;
			shellScript = "\"${SRCROOT}/Pods/Target Support Files/Pods-BLShopping/Pods-BLShopping-resources.sh\"\n";
			showEnvVarsInLog = 0;
		};
/* End PBXShellScriptBuildPhase section */

/* Begin PBXSourcesBuildPhase section */
		30BB6CCA2312658200D25667 /* Sources */ = {
			isa = PBXSourcesBuildPhase;
			buildActionMask = 2147483647;
			files = (
				30BB6D1523126C2200D25667 /* BLGlobal.swift in Sources */,
				30BB6D1323126C1600D25667 /* CallAPIs.swift in Sources */,
				30BB6CF823126AFA00D25667 /* ListStoreVC.swift in Sources */,
				30BB6D1F23126C9300D25667 /* SwiftHEXColors.swift in Sources */,
				30BB6D0C23126BA100D25667 /* NotificationVC.swift in Sources */,
				30BB6D2023126C9300D25667 /* UIButton+Badge.m in Sources */,
				30BB6D2123126C9300D25667 /* EZRatingView.m in Sources */,
				30BB6D1E23126C9300D25667 /* RaisePlaceholder.swift in Sources */,
				30BB6CD22312658200D25667 /* AppDelegate.swift in Sources */,
				30BB6D0423126B8600D25667 /* CartVC.swift in Sources */,
				30BB6CED2312690A00D25667 /* BLNavigationController.swift in Sources */,
				30BB6CEB231268EC00D25667 /* BLTabBarController.swift in Sources */,
				30BB6CF42312698D00D25667 /* UserDTO.swift in Sources */,
				30BB6D0F23126BCC00D25667 /* Utils.swift in Sources */,
				30BB6CE72312685400D25667 /* SplashVC.swift in Sources */,
				30BB6D0023126B6700D25667 /* SearchVC.swift in Sources */,
				30BB6D0823126B9400D25667 /* AccountVC.swift in Sources */,
				30BB6D1123126BE500D25667 /* Constants.swift in Sources */,
			);
			runOnlyForDeploymentPostprocessing = 0;
		};
/* End PBXSourcesBuildPhase section */

/* Begin PBXVariantGroup section */
		30BB6CDA2312658400D25667 /* LaunchScreen.storyboard */ = {
			isa = PBXVariantGroup;
			children = (
				30BB6CDB2312658400D25667 /* Base */,
			);
			name = LaunchScreen.storyboard;
			sourceTree = "<group>";
		};
/* End PBXVariantGroup section */

/* Begin XCBuildConfiguration section */
		30BB6CDE2312658400D25667 /* Debug */ = {
			isa = XCBuildConfiguration;
			buildSettings = {
				ALWAYS_SEARCH_USER_PATHS = NO;
				CLANG_ANALYZER_NONNULL = YES;
				CLANG_ANALYZER_NUMBER_OBJECT_CONVERSION = YES_AGGRESSIVE;
				CLANG_CXX_LANGUAGE_STANDARD = "gnu++14";
				CLANG_CXX_LIBRARY = "libc++";
				CLANG_ENABLE_MODULES = YES;
				CLANG_ENABLE_OBJC_ARC = YES;
				CLANG_ENABLE_OBJC_WEAK = YES;
				CLANG_WARN_BLOCK_CAPTURE_AUTORELEASING = YES;
				CLANG_WARN_BOOL_CONVERSION = YES;
				CLANG_WARN_COMMA = YES;
				CLANG_WARN_CONSTANT_CONVERSION = YES;
				CLANG_WARN_DEPRECATED_OBJC_IMPLEMENTATIONS = YES;
				CLANG_WARN_DIRECT_OBJC_ISA_USAGE = YES_ERROR;
				CLANG_WARN_DOCUMENTATION_COMMENTS = YES;
				CLANG_WARN_EMPTY_BODY = YES;
				CLANG_WARN_ENUM_CONVERSION = YES;
				CLANG_WARN_INFINITE_RECURSION = YES;
				CLANG_WARN_INT_CONVERSION = YES;
				CLANG_WARN_NON_LITERAL_NULL_CONVERSION = YES;
				CLANG_WARN_OBJC_IMPLICIT_RETAIN_SELF = YES;
				CLANG_WARN_OBJC_LITERAL_CONVERSION = YES;
				CLANG_WARN_OBJC_ROOT_CLASS = YES_ERROR;
				CLANG_WARN_RANGE_LOOP_ANALYSIS = YES;
				CLANG_WARN_STRICT_PROTOTYPES = YES;
				CLANG_WARN_SUSPICIOUS_MOVE = YES;
				CLANG_WARN_UNGUARDED_AVAILABILITY = YES_AGGRESSIVE;
				CLANG_WARN_UNREACHABLE_CODE = YES;
				CLANG_WARN__DUPLICATE_METHOD_MATCH = YES;
				CODE_SIGN_IDENTITY = "iPhone Developer";
				COPY_PHASE_STRIP = NO;
				DEBUG_INFORMATION_FORMAT = dwarf;
				ENABLE_STRICT_OBJC_MSGSEND = YES;
				ENABLE_TESTABILITY = YES;
				GCC_C_LANGUAGE_STANDARD = gnu11;
				GCC_DYNAMIC_NO_PIC = NO;
				GCC_NO_COMMON_BLOCKS = YES;
				GCC_OPTIMIZATION_LEVEL = 0;
				GCC_PREPROCESSOR_DEFINITIONS = (
					"DEBUG=1",
					"$(inherited)",
				);
				GCC_WARN_64_TO_32_BIT_CONVERSION = YES;
				GCC_WARN_ABOUT_RETURN_TYPE = YES_ERROR;
				GCC_WARN_UNDECLARED_SELECTOR = YES;
				GCC_WARN_UNINITIALIZED_AUTOS = YES_AGGRESSIVE;
				GCC_WARN_UNUSED_FUNCTION = YES;
				GCC_WARN_UNUSED_VARIABLE = YES;
				IPHONEOS_DEPLOYMENT_TARGET = 10.0;
				MTL_ENABLE_DEBUG_INFO = INCLUDE_SOURCE;
				MTL_FAST_MATH = YES;
				ONLY_ACTIVE_ARCH = YES;
				SDKROOT = iphoneos;
				SWIFT_ACTIVE_COMPILATION_CONDITIONS = DEBUG;
				SWIFT_OPTIMIZATION_LEVEL = "-Onone";
			};
			name = Debug;
		};
		30BB6CDF2312658400D25667 /* Release */ = {
			isa = XCBuildConfiguration;
			buildSettings = {
				ALWAYS_SEARCH_USER_PATHS = NO;
				CLANG_ANALYZER_NONNULL = YES;
				CLANG_ANALYZER_NUMBER_OBJECT_CONVERSION = YES_AGGRESSIVE;
				CLANG_CXX_LANGUAGE_STANDARD = "gnu++14";
				CLANG_CXX_LIBRARY = "libc++";
				CLANG_ENABLE_MODULES = YES;
				CLANG_ENABLE_OBJC_ARC = YES;
				CLANG_ENABLE_OBJC_WEAK = YES;
				CLANG_WARN_BLOCK_CAPTURE_AUTORELEASING = YES;
				CLANG_WARN_BOOL_CONVERSION = YES;
				CLANG_WARN_COMMA = YES;
				CLANG_WARN_CONSTANT_CONVERSION = YES;
				CLANG_WARN_DEPRECATED_OBJC_IMPLEMENTATIONS = YES;
				CLANG_WARN_DIRECT_OBJC_ISA_USAGE = YES_ERROR;
				CLANG_WARN_DOCUMENTATION_COMMENTS = YES;
				CLANG_WARN_EMPTY_BODY = YES;
				CLANG_WARN_ENUM_CONVERSION = YES;
				CLANG_WARN_INFINITE_RECURSION = YES;
				CLANG_WARN_INT_CONVERSION = YES;
				CLANG_WARN_NON_LITERAL_NULL_CONVERSION = YES;
				CLANG_WARN_OBJC_IMPLICIT_RETAIN_SELF = YES;
				CLANG_WARN_OBJC_LITERAL_CONVERSION = YES;
				CLANG_WARN_OBJC_ROOT_CLASS = YES_ERROR;
				CLANG_WARN_RANGE_LOOP_ANALYSIS = YES;
				CLANG_WARN_STRICT_PROTOTYPES = YES;
				CLANG_WARN_SUSPICIOUS_MOVE = YES;
				CLANG_WARN_UNGUARDED_AVAILABILITY = YES_AGGRESSIVE;
				CLANG_WARN_UNREACHABLE_CODE = YES;
				CLANG_WARN__DUPLICATE_METHOD_MATCH = YES;
				CODE_SIGN_IDENTITY = "iPhone Developer";
				COPY_PHASE_STRIP = NO;
				DEBUG_INFORMATION_FORMAT = "dwarf-with-dsym";
				ENABLE_NS_ASSERTIONS = NO;
				ENABLE_STRICT_OBJC_MSGSEND = YES;
				GCC_C_LANGUAGE_STANDARD = gnu11;
				GCC_NO_COMMON_BLOCKS = YES;
				GCC_WARN_64_TO_32_BIT_CONVERSION = YES;
				GCC_WARN_ABOUT_RETURN_TYPE = YES_ERROR;
				GCC_WARN_UNDECLARED_SELECTOR = YES;
				GCC_WARN_UNINITIALIZED_AUTOS = YES_AGGRESSIVE;
				GCC_WARN_UNUSED_FUNCTION = YES;
				GCC_WARN_UNUSED_VARIABLE = YES;
				IPHONEOS_DEPLOYMENT_TARGET = 10.0;
				MTL_ENABLE_DEBUG_INFO = NO;
				MTL_FAST_MATH = YES;
				SDKROOT = iphoneos;
				SWIFT_COMPILATION_MODE = wholemodule;
				SWIFT_OPTIMIZATION_LEVEL = "-O";
				VALIDATE_PRODUCT = YES;
			};
			name = Release;
		};
		30BB6CE12312658400D25667 /* Debug */ = {
			isa = XCBuildConfiguration;
			baseConfigurationReference = 32745E673456E7EA617BF868 /* Pods-BLShopping.debug.xcconfig */;
			buildSettings = {
				ASSETCATALOG_COMPILER_APPICON_NAME = AppIcon;
				CLANG_ENABLE_MODULES = YES;
				CODE_SIGN_STYLE = Automatic;
				DEVELOPMENT_TEAM = FBSVXGZTXU;
				INFOPLIST_FILE = BLShopping/Info.plist;
				LD_RUNPATH_SEARCH_PATHS = (
					"$(inherited)",
					"@executable_path/Frameworks",
				);
				PRODUCT_BUNDLE_IDENTIFIER = com.baolan2005.demo;
				PRODUCT_NAME = "$(TARGET_NAME)";
				SWIFT_OBJC_BRIDGING_HEADER = "BLShopping/ThirdPartyLibaries/BLShopping-Bridging-Header.h";
				SWIFT_OPTIMIZATION_LEVEL = "-Onone";
				SWIFT_VERSION = 5.0;
				TARGETED_DEVICE_FAMILY = "1,2";
			};
			name = Debug;
		};
		30BB6CE22312658400D25667 /* Release */ = {
			isa = XCBuildConfiguration;
			baseConfigurationReference = 4B80D749A480EE8077C41772 /* Pods-BLShopping.release.xcconfig */;
			buildSettings = {
				ASSETCATALOG_COMPILER_APPICON_NAME = AppIcon;
				CLANG_ENABLE_MODULES = YES;
				CODE_SIGN_STYLE = Automatic;
				DEVELOPMENT_TEAM = FBSVXGZTXU;
				INFOPLIST_FILE = BLShopping/Info.plist;
				LD_RUNPATH_SEARCH_PATHS = (
					"$(inherited)",
					"@executable_path/Frameworks",
				);
				PRODUCT_BUNDLE_IDENTIFIER = com.baolan2005.demo;
				PRODUCT_NAME = "$(TARGET_NAME)";
				SWIFT_OBJC_BRIDGING_HEADER = "BLShopping/ThirdPartyLibaries/BLShopping-Bridging-Header.h";
				SWIFT_VERSION = 5.0;
				TARGETED_DEVICE_FAMILY = "1,2";
			};
			name = Release;
		};
/* End XCBuildConfiguration section */

/* Begin XCConfigurationList section */
		30BB6CC92312658200D25667 /* Build configuration list for PBXProject "BLShopping" */ = {
			isa = XCConfigurationList;
			buildConfigurations = (
				30BB6CDE2312658400D25667 /* Debug */,
				30BB6CDF2312658400D25667 /* Release */,
			);
			defaultConfigurationIsVisible = 0;
			defaultConfigurationName = Release;
		};
		30BB6CE02312658400D25667 /* Build configuration list for PBXNativeTarget "BLShopping" */ = {
			isa = XCConfigurationList;
			buildConfigurations = (
				30BB6CE12312658400D25667 /* Debug */,
				30BB6CE22312658400D25667 /* Release */,
			);
			defaultConfigurationIsVisible = 0;
			defaultConfigurationName = Release;
		};
/* End XCConfigurationList section */
	};
	rootObject = 30BB6CC62312658200D25667 /* Project object */;
}
